// !$*UTF8*$!
{
	archiveVersion = 1;
	classes = {
	};
	objectVersion = 50;
	objects = {

/* Begin PBXBuildFile section */
		77391786220243BE000A1438 /* MacStyleKit.swift in Sources */ = {isa = PBXBuildFile; fileRef = 77391785220243BE000A1438 /* MacStyleKit.swift */; };
		7739178F22024640000A1438 /* NSColor.Name+Assets.swift in Sources */ = {isa = PBXBuildFile; fileRef = 7739178E22024640000A1438 /* NSColor.Name+Assets.swift */; };
		77A1438C2200E3C10067A3AC /* ActionsListViewController.swift in Sources */ = {isa = PBXBuildFile; fileRef = 77A1438B2200E3C10067A3AC /* ActionsListViewController.swift */; };
		77A1438E2200E3E20067A3AC /* StatesListViewController.swift in Sources */ = {isa = PBXBuildFile; fileRef = 77A1438D2200E3E20067A3AC /* StatesListViewController.swift */; };
		77A143902200E3F10067A3AC /* PropsListViewController.swift in Sources */ = {isa = PBXBuildFile; fileRef = 77A1438F2200E3F10067A3AC /* PropsListViewController.swift */; };
		77A143922200EA550067A3AC /* FooterViewController.swift in Sources */ = {isa = PBXBuildFile; fileRef = 77A143912200EA550067A3AC /* FooterViewController.swift */; };
		77A143942200ECA90067A3AC /* MainScreenViewController.swift in Sources */ = {isa = PBXBuildFile; fileRef = 77A143932200ECA90067A3AC /* MainScreenViewController.swift */; };
		77A143962200ED940067A3AC /* LinksViewController.swift in Sources */ = {isa = PBXBuildFile; fileRef = 77A143952200ED940067A3AC /* LinksViewController.swift */; };
		77A1439B2200FECF0067A3AC /* ColorView.swift in Sources */ = {isa = PBXBuildFile; fileRef = 77A1439A2200FECF0067A3AC /* ColorView.swift */; };
		D24401FB2204551E008503C0 /* MainScreenProps.swift in Sources */ = {isa = PBXBuildFile; fileRef = D24401FA2204551E008503C0 /* MainScreenProps.swift */; };
		D24401FE22045962008503C0 /* ActionsSectionProps.swift in Sources */ = {isa = PBXBuildFile; fileRef = D24401FD22045962008503C0 /* ActionsSectionProps.swift */; };
		D244020722045C60008503C0 /* SectionItemBackgroundView.swift in Sources */ = {isa = PBXBuildFile; fileRef = D244020422045C60008503C0 /* SectionItemBackgroundView.swift */; };
		D244020822045C60008503C0 /* SectionCollectionViewItem.xib in Resources */ = {isa = PBXBuildFile; fileRef = D244020522045C60008503C0 /* SectionCollectionViewItem.xib */; };
		D244020922045C60008503C0 /* SectionCollectionViewItem.swift in Sources */ = {isa = PBXBuildFile; fileRef = D244020622045C60008503C0 /* SectionCollectionViewItem.swift */; };
		D24EA45D21FC777700566225 /* AppState.swift in Sources */ = {isa = PBXBuildFile; fileRef = D24EA44821FC512500566225 /* AppState.swift */; };
		D24EA45F21FC777700566225 /* ActionsFields.swift in Sources */ = {isa = PBXBuildFile; fileRef = D24EA45421FC53DF00566225 /* ActionsFields.swift */; };
		D24EA46021FC777700566225 /* PropsFields.swift in Sources */ = {isa = PBXBuildFile; fileRef = D24EA45621FC53F300566225 /* PropsFields.swift */; };
		D24EA46121FC777700566225 /* StatesFields.swift in Sources */ = {isa = PBXBuildFile; fileRef = D24EA45821FC540A00566225 /* StatesFields.swift */; };
		D24EA46221FC777700566225 /* PropsList.swift in Sources */ = {isa = PBXBuildFile; fileRef = D24EA44E21FC526D00566225 /* PropsList.swift */; };
		D24EA46321FC777700566225 /* StatesList.swift in Sources */ = {isa = PBXBuildFile; fileRef = D24EA44A21FC518900566225 /* StatesList.swift */; };
		D24EA46421FC777700566225 /* ActionsList.swift in Sources */ = {isa = PBXBuildFile; fileRef = D24EA44C21FC521F00566225 /* ActionsList.swift */; };
		D24EA46521FC777700566225 /* PropsLinks.swift in Sources */ = {isa = PBXBuildFile; fileRef = D24EA45221FC530F00566225 /* PropsLinks.swift */; };
		D24EA46621FC777700566225 /* ActionsLinks.swift in Sources */ = {isa = PBXBuildFile; fileRef = D24EA45021FC52BB00566225 /* ActionsLinks.swift */; };
		DE4D01F521FD098500D2BC0A /* Action.swift in Sources */ = {isa = PBXBuildFile; fileRef = DE4D01F421FD098500D2BC0A /* Action.swift */; };
		DE4D01F721FD0AB500D2BC0A /* Field.swift in Sources */ = {isa = PBXBuildFile; fileRef = DE4D01F621FD0AB500D2BC0A /* Field.swift */; };
		DE4D01FE21FE5E7F00D2BC0A /* Command.swift in Sources */ = {isa = PBXBuildFile; fileRef = DE4D01FD21FE5E7F00D2BC0A /* Command.swift */; };
		DE4D020021FE5EED00D2BC0A /* CommandWith.swift in Sources */ = {isa = PBXBuildFile; fileRef = DE4D01FF21FE5EED00D2BC0A /* CommandWith.swift */; };
		E1A2947721FB519500F01938 /* AppDelegate.swift in Sources */ = {isa = PBXBuildFile; fileRef = E1A2947621FB519500F01938 /* AppDelegate.swift */; };
		E1A2947B21FB519600F01938 /* Assets.xcassets in Resources */ = {isa = PBXBuildFile; fileRef = E1A2947A21FB519600F01938 /* Assets.xcassets */; };
		E1A2947E21FB519600F01938 /* Main.storyboard in Resources */ = {isa = PBXBuildFile; fileRef = E1A2947C21FB519600F01938 /* Main.storyboard */; };
		E1A2948A21FB519600F01938 /* ReduxVisualEditorTests.swift in Sources */ = {isa = PBXBuildFile; fileRef = E1A2948921FB519600F01938 /* ReduxVisualEditorTests.swift */; };
/* End PBXBuildFile section */

/* Begin PBXContainerItemProxy section */
		E1A2948621FB519600F01938 /* PBXContainerItemProxy */ = {
			isa = PBXContainerItemProxy;
			containerPortal = E1A2946B21FB519500F01938 /* Project object */;
			proxyType = 1;
			remoteGlobalIDString = E1A2947221FB519500F01938;
			remoteInfo = ReduxVisualEditor;
		};
/* End PBXContainerItemProxy section */

/* Begin PBXFileReference section */
		77391785220243BE000A1438 /* MacStyleKit.swift */ = {isa = PBXFileReference; fileEncoding = 4; lastKnownFileType = sourcecode.swift; path = MacStyleKit.swift; sourceTree = "<group>"; };
		7739178E22024640000A1438 /* NSColor.Name+Assets.swift */ = {isa = PBXFileReference; lastKnownFileType = sourcecode.swift; path = "NSColor.Name+Assets.swift"; sourceTree = "<group>"; };
		77A1438B2200E3C10067A3AC /* ActionsListViewController.swift */ = {isa = PBXFileReference; lastKnownFileType = sourcecode.swift; path = ActionsListViewController.swift; sourceTree = "<group>"; };
		77A1438D2200E3E20067A3AC /* StatesListViewController.swift */ = {isa = PBXFileReference; lastKnownFileType = sourcecode.swift; path = StatesListViewController.swift; sourceTree = "<group>"; };
		77A1438F2200E3F10067A3AC /* PropsListViewController.swift */ = {isa = PBXFileReference; lastKnownFileType = sourcecode.swift; path = PropsListViewController.swift; sourceTree = "<group>"; };
		77A143912200EA550067A3AC /* FooterViewController.swift */ = {isa = PBXFileReference; lastKnownFileType = sourcecode.swift; path = FooterViewController.swift; sourceTree = "<group>"; };
		77A143932200ECA90067A3AC /* MainScreenViewController.swift */ = {isa = PBXFileReference; lastKnownFileType = sourcecode.swift; path = MainScreenViewController.swift; sourceTree = "<group>"; };
		77A143952200ED940067A3AC /* LinksViewController.swift */ = {isa = PBXFileReference; lastKnownFileType = sourcecode.swift; path = LinksViewController.swift; sourceTree = "<group>"; };
		77A1439A2200FECF0067A3AC /* ColorView.swift */ = {isa = PBXFileReference; lastKnownFileType = sourcecode.swift; path = ColorView.swift; sourceTree = "<group>"; };
		D24401FA2204551E008503C0 /* MainScreenProps.swift */ = {isa = PBXFileReference; lastKnownFileType = sourcecode.swift; path = MainScreenProps.swift; sourceTree = "<group>"; };
		D24401FD22045962008503C0 /* ActionsSectionProps.swift */ = {isa = PBXFileReference; lastKnownFileType = sourcecode.swift; path = ActionsSectionProps.swift; sourceTree = "<group>"; };
		D244020422045C60008503C0 /* SectionItemBackgroundView.swift */ = {isa = PBXFileReference; fileEncoding = 4; lastKnownFileType = sourcecode.swift; path = SectionItemBackgroundView.swift; sourceTree = "<group>"; };
		D244020522045C60008503C0 /* SectionCollectionViewItem.xib */ = {isa = PBXFileReference; fileEncoding = 4; lastKnownFileType = file.xib; path = SectionCollectionViewItem.xib; sourceTree = "<group>"; };
		D244020622045C60008503C0 /* SectionCollectionViewItem.swift */ = {isa = PBXFileReference; fileEncoding = 4; lastKnownFileType = sourcecode.swift; path = SectionCollectionViewItem.swift; sourceTree = "<group>"; };
		D24EA44821FC512500566225 /* AppState.swift */ = {isa = PBXFileReference; lastKnownFileType = sourcecode.swift; path = AppState.swift; sourceTree = "<group>"; };
		D24EA44A21FC518900566225 /* StatesList.swift */ = {isa = PBXFileReference; lastKnownFileType = sourcecode.swift; path = StatesList.swift; sourceTree = "<group>"; };
		D24EA44C21FC521F00566225 /* ActionsList.swift */ = {isa = PBXFileReference; lastKnownFileType = sourcecode.swift; path = ActionsList.swift; sourceTree = "<group>"; };
		D24EA44E21FC526D00566225 /* PropsList.swift */ = {isa = PBXFileReference; lastKnownFileType = sourcecode.swift; path = PropsList.swift; sourceTree = "<group>"; };
		D24EA45021FC52BB00566225 /* ActionsLinks.swift */ = {isa = PBXFileReference; lastKnownFileType = sourcecode.swift; path = ActionsLinks.swift; sourceTree = "<group>"; };
		D24EA45221FC530F00566225 /* PropsLinks.swift */ = {isa = PBXFileReference; lastKnownFileType = sourcecode.swift; path = PropsLinks.swift; sourceTree = "<group>"; };
		D24EA45421FC53DF00566225 /* ActionsFields.swift */ = {isa = PBXFileReference; lastKnownFileType = sourcecode.swift; path = ActionsFields.swift; sourceTree = "<group>"; };
		D24EA45621FC53F300566225 /* PropsFields.swift */ = {isa = PBXFileReference; lastKnownFileType = sourcecode.swift; path = PropsFields.swift; sourceTree = "<group>"; };
		D24EA45821FC540A00566225 /* StatesFields.swift */ = {isa = PBXFileReference; lastKnownFileType = sourcecode.swift; path = StatesFields.swift; sourceTree = "<group>"; };
		DE4D01F421FD098500D2BC0A /* Action.swift */ = {isa = PBXFileReference; lastKnownFileType = sourcecode.swift; path = Action.swift; sourceTree = "<group>"; };
		DE4D01F621FD0AB500D2BC0A /* Field.swift */ = {isa = PBXFileReference; lastKnownFileType = sourcecode.swift; path = Field.swift; sourceTree = "<group>"; };
		DE4D01FD21FE5E7F00D2BC0A /* Command.swift */ = {isa = PBXFileReference; lastKnownFileType = sourcecode.swift; path = Command.swift; sourceTree = "<group>"; };
		DE4D01FF21FE5EED00D2BC0A /* CommandWith.swift */ = {isa = PBXFileReference; lastKnownFileType = sourcecode.swift; path = CommandWith.swift; sourceTree = "<group>"; };
		E1A2947321FB519500F01938 /* ReduxVisualEditor.app */ = {isa = PBXFileReference; explicitFileType = wrapper.application; includeInIndex = 0; path = ReduxVisualEditor.app; sourceTree = BUILT_PRODUCTS_DIR; };
		E1A2947621FB519500F01938 /* AppDelegate.swift */ = {isa = PBXFileReference; lastKnownFileType = sourcecode.swift; path = AppDelegate.swift; sourceTree = "<group>"; };
		E1A2947A21FB519600F01938 /* Assets.xcassets */ = {isa = PBXFileReference; lastKnownFileType = folder.assetcatalog; path = Assets.xcassets; sourceTree = "<group>"; };
		E1A2947D21FB519600F01938 /* Base */ = {isa = PBXFileReference; lastKnownFileType = file.storyboard; name = Base; path = Base.lproj/Main.storyboard; sourceTree = "<group>"; };
		E1A2947F21FB519600F01938 /* Info.plist */ = {isa = PBXFileReference; lastKnownFileType = text.plist.xml; path = Info.plist; sourceTree = "<group>"; };
		E1A2948021FB519600F01938 /* ReduxVisualEditor.entitlements */ = {isa = PBXFileReference; lastKnownFileType = text.plist.entitlements; path = ReduxVisualEditor.entitlements; sourceTree = "<group>"; };
		E1A2948521FB519600F01938 /* ReduxVisualEditorTests.xctest */ = {isa = PBXFileReference; explicitFileType = wrapper.cfbundle; includeInIndex = 0; path = ReduxVisualEditorTests.xctest; sourceTree = BUILT_PRODUCTS_DIR; };
		E1A2948921FB519600F01938 /* ReduxVisualEditorTests.swift */ = {isa = PBXFileReference; lastKnownFileType = sourcecode.swift; path = ReduxVisualEditorTests.swift; sourceTree = "<group>"; };
		E1A2948B21FB519600F01938 /* Info.plist */ = {isa = PBXFileReference; lastKnownFileType = text.plist.xml; path = Info.plist; sourceTree = "<group>"; };
/* End PBXFileReference section */

/* Begin PBXFrameworksBuildPhase section */
		E1A2947021FB519500F01938 /* Frameworks */ = {
			isa = PBXFrameworksBuildPhase;
			buildActionMask = 2147483647;
			files = (
			);
			runOnlyForDeploymentPostprocessing = 0;
		};
		E1A2948221FB519600F01938 /* Frameworks */ = {
			isa = PBXFrameworksBuildPhase;
			buildActionMask = 2147483647;
			files = (
			);
			runOnlyForDeploymentPostprocessing = 0;
		};
/* End PBXFrameworksBuildPhase section */

/* Begin PBXGroup section */
		77A143992200FE720067A3AC /* Custom */ = {
			isa = PBXGroup;
			children = (
				77A1439A2200FECF0067A3AC /* ColorView.swift */,
			);
			path = Custom;
			sourceTree = "<group>";
		};
		D24401FC2204593D008503C0 /* Actions List */ = {
			isa = PBXGroup;
			children = (
				77A1438B2200E3C10067A3AC /* ActionsListViewController.swift */,
				D24401FD22045962008503C0 /* ActionsSectionProps.swift */,
			);
			path = "Actions List";
			sourceTree = "<group>";
		};
		D24401FF2204599F008503C0 /* States List */ = {
			isa = PBXGroup;
			children = (
				77A1438D2200E3E20067A3AC /* StatesListViewController.swift */,
			);
			path = "States List";
			sourceTree = "<group>";
		};
		D2440200220459C9008503C0 /* Props List */ = {
			isa = PBXGroup;
			children = (
				77A1438F2200E3F10067A3AC /* PropsListViewController.swift */,
			);
			path = "Props List";
			sourceTree = "<group>";
		};
		D2440201220459DD008503C0 /* Footer */ = {
			isa = PBXGroup;
			children = (
				77A143912200EA550067A3AC /* FooterViewController.swift */,
			);
			path = Footer;
			sourceTree = "<group>";
		};
		D2440202220459F5008503C0 /* Links */ = {
			isa = PBXGroup;
			children = (
				77A143952200ED940067A3AC /* LinksViewController.swift */,
			);
			path = Links;
			sourceTree = "<group>";
		};
		D244020322045C60008503C0 /* Item */ = {
			isa = PBXGroup;
			children = (
				D244020422045C60008503C0 /* SectionItemBackgroundView.swift */,
				D244020522045C60008503C0 /* SectionCollectionViewItem.xib */,
				D244020622045C60008503C0 /* SectionCollectionViewItem.swift */,
			);
			name = Item;
			path = "Main Screen/Item";
			sourceTree = SOURCE_ROOT;
		};
		D24EA45C21FC5BB100566225 /* State */ = {
			isa = PBXGroup;
			children = (
				D24EA44821FC512500566225 /* AppState.swift */,
				D24EA44C21FC521F00566225 /* ActionsList.swift */,
				D24EA44A21FC518900566225 /* StatesList.swift */,
				D24EA44E21FC526D00566225 /* PropsList.swift */,
				D24EA45421FC53DF00566225 /* ActionsFields.swift */,
				D24EA45621FC53F300566225 /* PropsFields.swift */,
				D24EA45821FC540A00566225 /* StatesFields.swift */,
				D24EA45221FC530F00566225 /* PropsLinks.swift */,
				D24EA45021FC52BB00566225 /* ActionsLinks.swift */,
				DE4D01F621FD0AB500D2BC0A /* Field.swift */,
			);
			path = State;
			sourceTree = "<group>";
		};
		DE4D01F321FD097A00D2BC0A /* Action */ = {
			isa = PBXGroup;
			children = (
				DE4D01F421FD098500D2BC0A /* Action.swift */,
			);
			path = Action;
			sourceTree = "<group>";
		};
		DE4D01FC21FE5E7500D2BC0A /* Prelude */ = {
			isa = PBXGroup;
			children = (
				DE4D01FD21FE5E7F00D2BC0A /* Command.swift */,
				DE4D01FF21FE5EED00D2BC0A /* CommandWith.swift */,
			);
			path = Prelude;
			sourceTree = "<group>";
		};
		E1A2946A21FB519500F01938 = {
			isa = PBXGroup;
			children = (
				DE4D01FC21FE5E7500D2BC0A /* Prelude */,
				DE4D01F321FD097A00D2BC0A /* Action */,
				D24EA45C21FC5BB100566225 /* State */,
				E1A615AF21FB521100CB0B0E /* Main Screen */,
				D2440200220459C9008503C0 /* Props List */,
				D24401FF2204599F008503C0 /* States List */,
				D24401FC2204593D008503C0 /* Actions List */,
				77A143992200FE720067A3AC /* Custom */,
				E1A2947621FB519500F01938 /* AppDelegate.swift */,
				E1A2947521FB519500F01938 /* Resources */,
				E1A2948821FB519600F01938 /* Tests */,
				E1A2947421FB519500F01938 /* Products */,
			);
			sourceTree = "<group>";
		};
		E1A2947421FB519500F01938 /* Products */ = {
			isa = PBXGroup;
			children = (
				E1A2947321FB519500F01938 /* ReduxVisualEditor.app */,
				E1A2948521FB519600F01938 /* ReduxVisualEditorTests.xctest */,
			);
			name = Products;
			sourceTree = "<group>";
		};
		E1A2947521FB519500F01938 /* Resources */ = {
			isa = PBXGroup;
			children = (
				77391785220243BE000A1438 /* MacStyleKit.swift */,
				7739178E22024640000A1438 /* NSColor.Name+Assets.swift */,
				E1A2947A21FB519600F01938 /* Assets.xcassets */,
				E1A2947F21FB519600F01938 /* Info.plist */,
				E1A2948021FB519600F01938 /* ReduxVisualEditor.entitlements */,
			);
			path = Resources;
			sourceTree = "<group>";
		};
		E1A2948821FB519600F01938 /* Tests */ = {
			isa = PBXGroup;
			children = (
				E1A2948921FB519600F01938 /* ReduxVisualEditorTests.swift */,
				E1A2948B21FB519600F01938 /* Info.plist */,
			);
			path = Tests;
			sourceTree = "<group>";
		};
		E1A615AF21FB521100CB0B0E /* Main Screen */ = {
			isa = PBXGroup;
			children = (
				D244020322045C60008503C0 /* Item */,
				D2440202220459F5008503C0 /* Links */,
				D2440201220459DD008503C0 /* Footer */,
				77A143932200ECA90067A3AC /* MainScreenViewController.swift */,
				D24401FA2204551E008503C0 /* MainScreenProps.swift */,
				E1A2947C21FB519600F01938 /* Main.storyboard */,
			);
			path = "Main Screen";
			sourceTree = "<group>";
		};
/* End PBXGroup section */

/* Begin PBXNativeTarget section */
		E1A2947221FB519500F01938 /* ReduxVisualEditor */ = {
			isa = PBXNativeTarget;
			buildConfigurationList = E1A2948E21FB519600F01938 /* Build configuration list for PBXNativeTarget "ReduxVisualEditor" */;
			buildPhases = (
				E1A2946F21FB519500F01938 /* Sources */,
				E1A2947021FB519500F01938 /* Frameworks */,
				E1A2947121FB519500F01938 /* Resources */,
			);
			buildRules = (
			);
			dependencies = (
			);
			name = ReduxVisualEditor;
			productName = ReduxVisualEditor;
			productReference = E1A2947321FB519500F01938 /* ReduxVisualEditor.app */;
			productType = "com.apple.product-type.application";
		};
		E1A2948421FB519600F01938 /* ReduxVisualEditorTests */ = {
			isa = PBXNativeTarget;
			buildConfigurationList = E1A2949121FB519600F01938 /* Build configuration list for PBXNativeTarget "ReduxVisualEditorTests" */;
			buildPhases = (
				E1A2948121FB519600F01938 /* Sources */,
				E1A2948221FB519600F01938 /* Frameworks */,
				E1A2948321FB519600F01938 /* Resources */,
			);
			buildRules = (
			);
			dependencies = (
				E1A2948721FB519600F01938 /* PBXTargetDependency */,
			);
			name = ReduxVisualEditorTests;
			productName = ReduxVisualEditorTests;
			productReference = E1A2948521FB519600F01938 /* ReduxVisualEditorTests.xctest */;
			productType = "com.apple.product-type.bundle.unit-test";
		};
/* End PBXNativeTarget section */

/* Begin PBXProject section */
		E1A2946B21FB519500F01938 /* Project object */ = {
			isa = PBXProject;
			attributes = {
				LastSwiftUpdateCheck = 1010;
				LastUpgradeCheck = 1010;
				ORGANIZATIONNAME = Unicore;
				TargetAttributes = {
					E1A2947221FB519500F01938 = {
						CreatedOnToolsVersion = 10.1;
					};
					E1A2948421FB519600F01938 = {
						CreatedOnToolsVersion = 10.1;
						TestTargetID = E1A2947221FB519500F01938;
					};
				};
			};
			buildConfigurationList = E1A2946E21FB519500F01938 /* Build configuration list for PBXProject "ReduxVisualEditor" */;
			compatibilityVersion = "Xcode 9.3";
			developmentRegion = en;
			hasScannedForEncodings = 0;
			knownRegions = (
				en,
				Base,
			);
			mainGroup = E1A2946A21FB519500F01938;
			productRefGroup = E1A2947421FB519500F01938 /* Products */;
			projectDirPath = "";
			projectRoot = "";
			targets = (
				E1A2947221FB519500F01938 /* ReduxVisualEditor */,
				E1A2948421FB519600F01938 /* ReduxVisualEditorTests */,
			);
		};
/* End PBXProject section */

/* Begin PBXResourcesBuildPhase section */
		E1A2947121FB519500F01938 /* Resources */ = {
			isa = PBXResourcesBuildPhase;
			buildActionMask = 2147483647;
			files = (
				E1A2947B21FB519600F01938 /* Assets.xcassets in Resources */,
				E1A2947E21FB519600F01938 /* Main.storyboard in Resources */,
				D244020822045C60008503C0 /* SectionCollectionViewItem.xib in Resources */,
			);
			runOnlyForDeploymentPostprocessing = 0;
		};
		E1A2948321FB519600F01938 /* Resources */ = {
			isa = PBXResourcesBuildPhase;
			buildActionMask = 2147483647;
			files = (
			);
			runOnlyForDeploymentPostprocessing = 0;
		};
/* End PBXResourcesBuildPhase section */

/* Begin PBXSourcesBuildPhase section */
		E1A2946F21FB519500F01938 /* Sources */ = {
			isa = PBXSourcesBuildPhase;
			buildActionMask = 2147483647;
			files = (
				D24401FB2204551E008503C0 /* MainScreenProps.swift in Sources */,
				77A1438E2200E3E20067A3AC /* StatesListViewController.swift in Sources */,
				D24EA45D21FC777700566225 /* AppState.swift in Sources */,
				DE4D01F521FD098500D2BC0A /* Action.swift in Sources */,
				D244020722045C60008503C0 /* SectionItemBackgroundView.swift in Sources */,
				77A143922200EA550067A3AC /* FooterViewController.swift in Sources */,
				D24EA46221FC777700566225 /* PropsList.swift in Sources */,
				D24EA46621FC777700566225 /* ActionsLinks.swift in Sources */,
				D24EA46521FC777700566225 /* PropsLinks.swift in Sources */,
				D24EA46321FC777700566225 /* StatesList.swift in Sources */,
				77A1439B2200FECF0067A3AC /* ColorView.swift in Sources */,
				D24401FE22045962008503C0 /* ActionsSectionProps.swift in Sources */,
				DE4D01F721FD0AB500D2BC0A /* Field.swift in Sources */,
				77A1438C2200E3C10067A3AC /* ActionsListViewController.swift in Sources */,
				77391786220243BE000A1438 /* MacStyleKit.swift in Sources */,
				77A143902200E3F10067A3AC /* PropsListViewController.swift in Sources */,
				77A143962200ED940067A3AC /* LinksViewController.swift in Sources */,
				DE4D020021FE5EED00D2BC0A /* CommandWith.swift in Sources */,
				DE4D01F721FD0AB500D2BC0A /* Field.swift in Sources */,
				DE4D01FE21FE5E7F00D2BC0A /* Command.swift in Sources */,
				D24EA45F21FC777700566225 /* ActionsFields.swift in Sources */,
				D24EA46421FC777700566225 /* ActionsList.swift in Sources */,
				7739178F22024640000A1438 /* NSColor.Name+Assets.swift in Sources */,
				E1A2947721FB519500F01938 /* AppDelegate.swift in Sources */,
				77A143942200ECA90067A3AC /* MainScreenViewController.swift in Sources */,
				D244020922045C60008503C0 /* SectionCollectionViewItem.swift in Sources */,
				D24EA46021FC777700566225 /* PropsFields.swift in Sources */,
				D24EA46121FC777700566225 /* StatesFields.swift in Sources */,
			);
			runOnlyForDeploymentPostprocessing = 0;
		};
		E1A2948121FB519600F01938 /* Sources */ = {
			isa = PBXSourcesBuildPhase;
			buildActionMask = 2147483647;
			files = (
				E1A2948A21FB519600F01938 /* ReduxVisualEditorTests.swift in Sources */,
			);
			runOnlyForDeploymentPostprocessing = 0;
		};
/* End PBXSourcesBuildPhase section */

/* Begin PBXTargetDependency section */
		E1A2948721FB519600F01938 /* PBXTargetDependency */ = {
			isa = PBXTargetDependency;
			target = E1A2947221FB519500F01938 /* ReduxVisualEditor */;
			targetProxy = E1A2948621FB519600F01938 /* PBXContainerItemProxy */;
		};
/* End PBXTargetDependency section */

/* Begin PBXVariantGroup section */
		E1A2947C21FB519600F01938 /* Main.storyboard */ = {
			isa = PBXVariantGroup;
			children = (
				E1A2947D21FB519600F01938 /* Base */,
			);
			name = Main.storyboard;
			sourceTree = "<group>";
		};
/* End PBXVariantGroup section */

/* Begin XCBuildConfiguration section */
		E1A2948C21FB519600F01938 /* Debug */ = {
			isa = XCBuildConfiguration;
			buildSettings = {
				ALWAYS_SEARCH_USER_PATHS = NO;
				CLANG_ANALYZER_NONNULL = YES;
				CLANG_ANALYZER_NUMBER_OBJECT_CONVERSION = YES_AGGRESSIVE;
				CLANG_CXX_LANGUAGE_STANDARD = "gnu++14";
				CLANG_CXX_LIBRARY = "libc++";
				CLANG_ENABLE_MODULES = YES;
				CLANG_ENABLE_OBJC_ARC = YES;
				CLANG_ENABLE_OBJC_WEAK = YES;
				CLANG_WARN_BLOCK_CAPTURE_AUTORELEASING = YES;
				CLANG_WARN_BOOL_CONVERSION = YES;
				CLANG_WARN_COMMA = YES;
				CLANG_WARN_CONSTANT_CONVERSION = YES;
				CLANG_WARN_DEPRECATED_OBJC_IMPLEMENTATIONS = YES;
				CLANG_WARN_DIRECT_OBJC_ISA_USAGE = YES_ERROR;
				CLANG_WARN_DOCUMENTATION_COMMENTS = YES;
				CLANG_WARN_EMPTY_BODY = YES;
				CLANG_WARN_ENUM_CONVERSION = YES;
				CLANG_WARN_INFINITE_RECURSION = YES;
				CLANG_WARN_INT_CONVERSION = YES;
				CLANG_WARN_NON_LITERAL_NULL_CONVERSION = YES;
				CLANG_WARN_OBJC_IMPLICIT_RETAIN_SELF = YES;
				CLANG_WARN_OBJC_LITERAL_CONVERSION = YES;
				CLANG_WARN_OBJC_ROOT_CLASS = YES_ERROR;
				CLANG_WARN_RANGE_LOOP_ANALYSIS = YES;
				CLANG_WARN_STRICT_PROTOTYPES = YES;
				CLANG_WARN_SUSPICIOUS_MOVE = YES;
				CLANG_WARN_UNGUARDED_AVAILABILITY = YES_AGGRESSIVE;
				CLANG_WARN_UNREACHABLE_CODE = YES;
				CLANG_WARN__DUPLICATE_METHOD_MATCH = YES;
				CODE_SIGN_IDENTITY = "Mac Developer";
				COPY_PHASE_STRIP = NO;
				DEBUG_INFORMATION_FORMAT = dwarf;
				ENABLE_STRICT_OBJC_MSGSEND = YES;
				ENABLE_TESTABILITY = YES;
				GCC_C_LANGUAGE_STANDARD = gnu11;
				GCC_DYNAMIC_NO_PIC = NO;
				GCC_NO_COMMON_BLOCKS = YES;
				GCC_OPTIMIZATION_LEVEL = 0;
				GCC_PREPROCESSOR_DEFINITIONS = (
					"DEBUG=1",
					"$(inherited)",
				);
				GCC_WARN_64_TO_32_BIT_CONVERSION = YES;
				GCC_WARN_ABOUT_RETURN_TYPE = YES_ERROR;
				GCC_WARN_UNDECLARED_SELECTOR = YES;
				GCC_WARN_UNINITIALIZED_AUTOS = YES_AGGRESSIVE;
				GCC_WARN_UNUSED_FUNCTION = YES;
				GCC_WARN_UNUSED_VARIABLE = YES;
				MACOSX_DEPLOYMENT_TARGET = 10.14;
				MTL_ENABLE_DEBUG_INFO = INCLUDE_SOURCE;
				MTL_FAST_MATH = YES;
				ONLY_ACTIVE_ARCH = YES;
				SDKROOT = macosx;
				SWIFT_ACTIVE_COMPILATION_CONDITIONS = DEBUG;
				SWIFT_OPTIMIZATION_LEVEL = "-Onone";
			};
			name = Debug;
		};
		E1A2948D21FB519600F01938 /* Release */ = {
			isa = XCBuildConfiguration;
			buildSettings = {
				ALWAYS_SEARCH_USER_PATHS = NO;
				CLANG_ANALYZER_NONNULL = YES;
				CLANG_ANALYZER_NUMBER_OBJECT_CONVERSION = YES_AGGRESSIVE;
				CLANG_CXX_LANGUAGE_STANDARD = "gnu++14";
				CLANG_CXX_LIBRARY = "libc++";
				CLANG_ENABLE_MODULES = YES;
				CLANG_ENABLE_OBJC_ARC = YES;
				CLANG_ENABLE_OBJC_WEAK = YES;
				CLANG_WARN_BLOCK_CAPTURE_AUTORELEASING = YES;
				CLANG_WARN_BOOL_CONVERSION = YES;
				CLANG_WARN_COMMA = YES;
				CLANG_WARN_CONSTANT_CONVERSION = YES;
				CLANG_WARN_DEPRECATED_OBJC_IMPLEMENTATIONS = YES;
				CLANG_WARN_DIRECT_OBJC_ISA_USAGE = YES_ERROR;
				CLANG_WARN_DOCUMENTATION_COMMENTS = YES;
				CLANG_WARN_EMPTY_BODY = YES;
				CLANG_WARN_ENUM_CONVERSION = YES;
				CLANG_WARN_INFINITE_RECURSION = YES;
				CLANG_WARN_INT_CONVERSION = YES;
				CLANG_WARN_NON_LITERAL_NULL_CONVERSION = YES;
				CLANG_WARN_OBJC_IMPLICIT_RETAIN_SELF = YES;
				CLANG_WARN_OBJC_LITERAL_CONVERSION = YES;
				CLANG_WARN_OBJC_ROOT_CLASS = YES_ERROR;
				CLANG_WARN_RANGE_LOOP_ANALYSIS = YES;
				CLANG_WARN_STRICT_PROTOTYPES = YES;
				CLANG_WARN_SUSPICIOUS_MOVE = YES;
				CLANG_WARN_UNGUARDED_AVAILABILITY = YES_AGGRESSIVE;
				CLANG_WARN_UNREACHABLE_CODE = YES;
				CLANG_WARN__DUPLICATE_METHOD_MATCH = YES;
				CODE_SIGN_IDENTITY = "Mac Developer";
				COPY_PHASE_STRIP = NO;
				DEBUG_INFORMATION_FORMAT = "dwarf-with-dsym";
				ENABLE_NS_ASSERTIONS = NO;
				ENABLE_STRICT_OBJC_MSGSEND = YES;
				GCC_C_LANGUAGE_STANDARD = gnu11;
				GCC_NO_COMMON_BLOCKS = YES;
				GCC_WARN_64_TO_32_BIT_CONVERSION = YES;
				GCC_WARN_ABOUT_RETURN_TYPE = YES_ERROR;
				GCC_WARN_UNDECLARED_SELECTOR = YES;
				GCC_WARN_UNINITIALIZED_AUTOS = YES_AGGRESSIVE;
				GCC_WARN_UNUSED_FUNCTION = YES;
				GCC_WARN_UNUSED_VARIABLE = YES;
				MACOSX_DEPLOYMENT_TARGET = 10.14;
				MTL_ENABLE_DEBUG_INFO = NO;
				MTL_FAST_MATH = YES;
				SDKROOT = macosx;
				SWIFT_COMPILATION_MODE = wholemodule;
				SWIFT_OPTIMIZATION_LEVEL = "-O";
			};
			name = Release;
		};
		E1A2948F21FB519600F01938 /* Debug */ = {
			isa = XCBuildConfiguration;
			buildSettings = {
				ASSETCATALOG_COMPILER_APPICON_NAME = AppIcon;
				CODE_SIGN_ENTITLEMENTS = Resources/ReduxVisualEditor.entitlements;
				CODE_SIGN_IDENTITY = "Mac Developer";
				CODE_SIGN_STYLE = Automatic;
				COMBINE_HIDPI_IMAGES = YES;
				DEVELOPMENT_TEAM = FY9E4363CA;
				INFOPLIST_FILE = "$(SRCROOT)/Resources/Info.plist";
				LD_RUNPATH_SEARCH_PATHS = (
					"$(inherited)",
					"@executable_path/../Frameworks",
				);
				PRODUCT_BUNDLE_IDENTIFIER = codes.unicore.ReduxVisualEditor;
				PRODUCT_NAME = "$(TARGET_NAME)";
				PROVISIONING_PROFILE_SPECIFIER = "";
				SWIFT_VERSION = 4.2;
			};
			name = Debug;
		};
		E1A2949021FB519600F01938 /* Release */ = {
			isa = XCBuildConfiguration;
			buildSettings = {
				ASSETCATALOG_COMPILER_APPICON_NAME = AppIcon;
				CODE_SIGN_ENTITLEMENTS = Resources/ReduxVisualEditor.entitlements;
				CODE_SIGN_IDENTITY = "Mac Developer";
				CODE_SIGN_STYLE = Automatic;
				COMBINE_HIDPI_IMAGES = YES;
				DEVELOPMENT_TEAM = FY9E4363CA;
				INFOPLIST_FILE = "$(SRCROOT)/Resources/Info.plist";
				LD_RUNPATH_SEARCH_PATHS = (
					"$(inherited)",
					"@executable_path/../Frameworks",
				);
				PRODUCT_BUNDLE_IDENTIFIER = codes.unicore.ReduxVisualEditor;
				PRODUCT_NAME = "$(TARGET_NAME)";
				PROVISIONING_PROFILE_SPECIFIER = "";
				SWIFT_VERSION = 4.2;
			};
			name = Release;
		};
		E1A2949221FB519600F01938 /* Debug */ = {
			isa = XCBuildConfiguration;
			buildSettings = {
				ALWAYS_EMBED_SWIFT_STANDARD_LIBRARIES = YES;
				BUNDLE_LOADER = "$(TEST_HOST)";
				CODE_SIGN_IDENTITY = "Mac Developer";
				CODE_SIGN_STYLE = Automatic;
				COMBINE_HIDPI_IMAGES = YES;
				DEVELOPMENT_TEAM = FY9E4363CA;
				INFOPLIST_FILE = Tests/Info.plist;
				LD_RUNPATH_SEARCH_PATHS = (
					"$(inherited)",
					"@executable_path/../Frameworks",
					"@loader_path/../Frameworks",
				);
				PRODUCT_BUNDLE_IDENTIFIER = codes.unicore.ReduxVisualEditorTests;
				PRODUCT_NAME = "$(TARGET_NAME)";
				PROVISIONING_PROFILE_SPECIFIER = "";
				SWIFT_VERSION = 4.2;
				TEST_HOST = "$(BUILT_PRODUCTS_DIR)/ReduxVisualEditor.app/Contents/MacOS/ReduxVisualEditor";
			};
			name = Debug;
		};
		E1A2949321FB519600F01938 /* Release */ = {
			isa = XCBuildConfiguration;
			buildSettings = {
				ALWAYS_EMBED_SWIFT_STANDARD_LIBRARIES = YES;
				BUNDLE_LOADER = "$(TEST_HOST)";
				CODE_SIGN_IDENTITY = "Mac Developer";
				CODE_SIGN_STYLE = Automatic;
				COMBINE_HIDPI_IMAGES = YES;
				DEVELOPMENT_TEAM = FY9E4363CA;
				INFOPLIST_FILE = Tests/Info.plist;
				LD_RUNPATH_SEARCH_PATHS = (
					"$(inherited)",
					"@executable_path/../Frameworks",
					"@loader_path/../Frameworks",
				);
				PRODUCT_BUNDLE_IDENTIFIER = codes.unicore.ReduxVisualEditorTests;
				PRODUCT_NAME = "$(TARGET_NAME)";
				PROVISIONING_PROFILE_SPECIFIER = "";
				SWIFT_VERSION = 4.2;
				TEST_HOST = "$(BUILT_PRODUCTS_DIR)/ReduxVisualEditor.app/Contents/MacOS/ReduxVisualEditor";
			};
			name = Release;
		};
/* End XCBuildConfiguration section */

/* Begin XCConfigurationList section */
		E1A2946E21FB519500F01938 /* Build configuration list for PBXProject "ReduxVisualEditor" */ = {
			isa = XCConfigurationList;
			buildConfigurations = (
				E1A2948C21FB519600F01938 /* Debug */,
				E1A2948D21FB519600F01938 /* Release */,
			);
			defaultConfigurationIsVisible = 0;
			defaultConfigurationName = Release;
		};
		E1A2948E21FB519600F01938 /* Build configuration list for PBXNativeTarget "ReduxVisualEditor" */ = {
			isa = XCConfigurationList;
			buildConfigurations = (
				E1A2948F21FB519600F01938 /* Debug */,
				E1A2949021FB519600F01938 /* Release */,
			);
			defaultConfigurationIsVisible = 0;
			defaultConfigurationName = Release;
		};
		E1A2949121FB519600F01938 /* Build configuration list for PBXNativeTarget "ReduxVisualEditorTests" */ = {
			isa = XCConfigurationList;
			buildConfigurations = (
				E1A2949221FB519600F01938 /* Debug */,
				E1A2949321FB519600F01938 /* Release */,
			);
			defaultConfigurationIsVisible = 0;
			defaultConfigurationName = Release;
		};
/* End XCConfigurationList section */
	};
	rootObject = E1A2946B21FB519500F01938 /* Project object */;
}
